
Microsoft Visual Studio Solution File, Format Version 12.00
# Visual Studio Version 16
VisualStudioVersion = 16.0.29806.167
MinimumVisualStudioVersion = 10.0.40219.1
Project("{FAE04EC0-301F-11D3-BF4B-00C04F79EFBC}") = "PhotoManager", "PhotoManager\PhotoManager.csproj", "{615AAC47-34C7-4F5B-8970-B5A6F4721FBD}"
EndProject
Project("{FAE04EC0-301F-11D3-BF4B-00C04F79EFBC}") = "MyPhotosDatabase", "MyPhotosDatabase\MyPhotosDatabase.csproj", "{8D599D95-92E8-485F-BB5E-CE55506702FB}"
EndProject
Global
	GlobalSection(SolutionConfigurationPlatforms) = preSolution
		Debug|Any CPU = Debug|Any CPU
		Release|Any CPU = Release|Any CPU
	EndGlobalSection
	GlobalSection(ProjectConfigurationPlatforms) = postSolution
		{615AAC47-34C7-4F5B-8970-B5A6F4721FBD}.Debug|Any CPU.ActiveCfg = Debug|Any CPU
		{615AAC47-34C7-4F5B-8970-B5A6F4721FBD}.Debug|Any CPU.Build.0 = Debug|Any CPU
		{615AAC47-34C7-4F5B-8970-B5A6F4721FBD}.Release|Any CPU.ActiveCfg = Release|Any CPU
		{615AAC47-34C7-4F5B-8970-B5A6F4721FBD}.Release|Any CPU.Build.0 = Release|Any CPU
		{8D599D95-92E8-485F-BB5E-CE55506702FB}.Debug|Any CPU.ActiveCfg = Debug|Any CPU
		{8D599D95-92E8-485F-BB5E-CE55506702FB}.Debug|Any CPU.Build.0 = Debug|Any CPU
		{8D599D95-92E8-485F-BB5E-CE55506702FB}.Release|Any CPU.ActiveCfg = Release|Any CPU
		{8D599D95-92E8-485F-BB5E-CE55506702FB}.Release|Any CPU.Build.0 = Release|Any CPU
	EndGlobalSection
	GlobalSection(SolutionProperties) = preSolution
		HideSolutionNode = FALSE
	EndGlobalSection
	GlobalSection(ExtensibilityGlobals) = postSolution
		SolutionGuid = {5A37DEAA-233D-43C5-B09A-6D67F3BD780E}
	EndGlobalSection
EndGlobal
